
Microsoft Visual Studio Solution File, Format Version 12.00
# Visual Studio 15
Project("{FAE04EC0-301F-11D3-BF4B-00C04F79EFBC}") = "study", "study\study.csproj", "{C5643438-CB38-44BD-80FB-ABD4EBF62156}"
EndProject
Global
	GlobalSection(SolutionConfigurationPlatforms) = preSolution
		Debug|anycpu = Debug|anycpu
		Release|anycpu = Release|anycpu
	EndGlobalSection
	GlobalSection(ProjectConfigurationPlatforms) = postSolution
		{C5643438-CB38-44BD-80FB-ABD4EBF62156}.Debug|anycpu.ActiveCfg = Debug|anycpu
		{C5643438-CB38-44BD-80FB-ABD4EBF62156}.Debug|anycpu.Build.0 = Debug|anycpu
		{C5643438-CB38-44BD-80FB-ABD4EBF62156}.Release|anycpu.ActiveCfg = Release|anycpu
		{C5643438-CB38-44BD-80FB-ABD4EBF62156}.Release|anycpu.Build.0 = Release|anycpu
	EndGlobalSection
EndGlobal
