
Microsoft Visual Studio Solution File, Format Version 12.00
# Visual Studio 15
Project("{FAE04EC0-301F-11D3-BF4B-00C04F79EFBC}") = "study", "study\study.csproj", "{0E5E0FA3-81F1-44B4-BF9F-2D97D269281A}"
EndProject
Global
	GlobalSection(SolutionConfigurationPlatforms) = preSolution
		Debug|anycpu = Debug|anycpu
		Release|anycpu = Release|anycpu
	EndGlobalSection
	GlobalSection(ProjectConfigurationPlatforms) = postSolution
		{0E5E0FA3-81F1-44B4-BF9F-2D97D269281A}.Debug|anycpu.ActiveCfg = Debug|anycpu
		{0E5E0FA3-81F1-44B4-BF9F-2D97D269281A}.Debug|anycpu.Build.0 = Debug|anycpu
		{0E5E0FA3-81F1-44B4-BF9F-2D97D269281A}.Release|anycpu.ActiveCfg = Release|anycpu
		{0E5E0FA3-81F1-44B4-BF9F-2D97D269281A}.Release|anycpu.Build.0 = Release|anycpu
	EndGlobalSection
EndGlobal
